
Microsoft Visual Studio Solution File, Format Version 12.00
# Visual Studio 15
VisualStudioVersion = 15.0.27703.2026
MinimumVisualStudioVersion = 10.0.40219.1
Project("{FAE04EC0-301F-11D3-BF4B-00C04F79EFBC}") = "DataSetPropertyChange", "DataSetPropertyChange\DataSetPropertyChange.csproj", "{8A20A5F5-D8FF-41EA-A892-F84C0A4F6C8C}"
EndProject
Global
	GlobalSection(SolutionConfigurationPlatforms) = preSolution
		Debug|Any CPU = Debug|Any CPU
		Release|Any CPU = Release|Any CPU
	EndGlobalSection
	GlobalSection(ProjectConfigurationPlatforms) = postSolution
		{8A20A5F5-D8FF-41EA-A892-F84C0A4F6C8C}.Debug|Any CPU.ActiveCfg = Debug|Any CPU
		{8A20A5F5-D8FF-41EA-A892-F84C0A4F6C8C}.Debug|Any CPU.Build.0 = Debug|Any CPU
		{8A20A5F5-D8FF-41EA-A892-F84C0A4F6C8C}.Release|Any CPU.ActiveCfg = Release|Any CPU
		{8A20A5F5-D8FF-41EA-A892-F84C0A4F6C8C}.Release|Any CPU.Build.0 = Release|Any CPU
	EndGlobalSection
	GlobalSection(SolutionProperties) = preSolution
		HideSolutionNode = FALSE
	EndGlobalSection
	GlobalSection(ExtensibilityGlobals) = postSolution
		SolutionGuid = {0BF3C772-4795-4437-8848-2C9B254ACB2D}
	EndGlobalSection
EndGlobal
